
Microsoft Visual Studio Solution File, Format Version 12.00
# Visual Studio 15
VisualStudioVersion = 15.0.28010.2036
MinimumVisualStudioVersion = 10.0.40219.1
Project("{FAE04EC0-301F-11D3-BF4B-00C04F79EFBC}") = "RealmExample", "RealmExample\RealmExample.csproj", "{05F7DD8F-E15F-423A-87CA-2B9DAC755AC1}"
EndProject
Project("{FAE04EC0-301F-11D3-BF4B-00C04F79EFBC}") = "WpfApp1", "WpfApp1\WpfApp1.csproj", "{47A2FFCC-C901-43FC-9A41-F59CABBE24CB}"
EndProject
Global
	GlobalSection(SolutionConfigurationPlatforms) = preSolution
		Debug|Any CPU = Debug|Any CPU
		Release|Any CPU = Release|Any CPU
	EndGlobalSection
	GlobalSection(ProjectConfigurationPlatforms) = postSolution
		{05F7DD8F-E15F-423A-87CA-2B9DAC755AC1}.Debug|Any CPU.ActiveCfg = Debug|Any CPU
		{05F7DD8F-E15F-423A-87CA-2B9DAC755AC1}.Debug|Any CPU.Build.0 = Debug|Any CPU
		{05F7DD8F-E15F-423A-87CA-2B9DAC755AC1}.Release|Any CPU.ActiveCfg = Release|Any CPU
		{05F7DD8F-E15F-423A-87CA-2B9DAC755AC1}.Release|Any CPU.Build.0 = Release|Any CPU
		{47A2FFCC-C901-43FC-9A41-F59CABBE24CB}.Debug|Any CPU.ActiveCfg = Debug|Any CPU
		{47A2FFCC-C901-43FC-9A41-F59CABBE24CB}.Debug|Any CPU.Build.0 = Debug|Any CPU
		{47A2FFCC-C901-43FC-9A41-F59CABBE24CB}.Release|Any CPU.ActiveCfg = Release|Any CPU
		{47A2FFCC-C901-43FC-9A41-F59CABBE24CB}.Release|Any CPU.Build.0 = Release|Any CPU
	EndGlobalSection
	GlobalSection(SolutionProperties) = preSolution
		HideSolutionNode = FALSE
	EndGlobalSection
	GlobalSection(ExtensibilityGlobals) = postSolution
		SolutionGuid = {F8ADB6E6-A8E2-4101-A3F2-4331ADB0F624}
	EndGlobalSection
EndGlobal
